// !$*UTF8*$!
{
	archiveVersion = 1;
	classes = {
	};
	objectVersion = 50;
	objects = {

/* Begin PBXBuildFile section */
		75A93B4724B61B510085271A /* AppDelegate.swift in Sources */ = {isa = PBXBuildFile; fileRef = 75A93B4624B61B510085271A /* AppDelegate.swift */; };
		75A93B4B24B61B510085271A /* ViewController.swift in Sources */ = {isa = PBXBuildFile; fileRef = 75A93B4A24B61B510085271A /* ViewController.swift */; };
		75A93B4E24B61B510085271A /* Main.storyboard in Resources */ = {isa = PBXBuildFile; fileRef = 75A93B4C24B61B510085271A /* Main.storyboard */; };
		75A93B5024B61B530085271A /* Assets.xcassets in Resources */ = {isa = PBXBuildFile; fileRef = 75A93B4F24B61B530085271A /* Assets.xcassets */; };
		75A93B5324B61B530085271A /* LaunchScreen.storyboard in Resources */ = {isa = PBXBuildFile; fileRef = 75A93B5124B61B530085271A /* LaunchScreen.storyboard */; };
		75A93B5F24B61E700085271A /* CalendarTableViewCell.swift in Sources */ = {isa = PBXBuildFile; fileRef = 75A93B5D24B61E700085271A /* CalendarTableViewCell.swift */; };
		75A93B6024B61E700085271A /* CalendarTableViewCell.xib in Resources */ = {isa = PBXBuildFile; fileRef = 75A93B5E24B61E700085271A /* CalendarTableViewCell.xib */; };
		75A93B6224B61E8A0085271A /* CalendarSource.swift in Sources */ = {isa = PBXBuildFile; fileRef = 75A93B6124B61E8A0085271A /* CalendarSource.swift */; };
		75A93B6424B628D90085271A /* CalendarCell.xib in Resources */ = {isa = PBXBuildFile; fileRef = 75A93B6324B628D90085271A /* CalendarCell.xib */; };
		75A93B6624B6296B0085271A /* CalendarCell.swift in Sources */ = {isa = PBXBuildFile; fileRef = 75A93B6524B6296B0085271A /* CalendarCell.swift */; };
/* End PBXBuildFile section */

/* Begin PBXFileReference section */
		75A93B4324B61B510085271A /* testCalendar.app */ = {isa = PBXFileReference; explicitFileType = wrapper.application; includeInIndex = 0; path = testCalendar.app; sourceTree = BUILT_PRODUCTS_DIR; };
		75A93B4624B61B510085271A /* AppDelegate.swift */ = {isa = PBXFileReference; lastKnownFileType = sourcecode.swift; path = AppDelegate.swift; sourceTree = "<group>"; };
		75A93B4A24B61B510085271A /* ViewController.swift */ = {isa = PBXFileReference; lastKnownFileType = sourcecode.swift; path = ViewController.swift; sourceTree = "<group>"; };
		75A93B4D24B61B510085271A /* Base */ = {isa = PBXFileReference; lastKnownFileType = file.storyboard; name = Base; path = Base.lproj/Main.storyboard; sourceTree = "<group>"; };
		75A93B4F24B61B530085271A /* Assets.xcassets */ = {isa = PBXFileReference; lastKnownFileType = folder.assetcatalog; path = Assets.xcassets; sourceTree = "<group>"; };
		75A93B5224B61B530085271A /* Base */ = {isa = PBXFileReference; lastKnownFileType = file.storyboard; name = Base; path = Base.lproj/LaunchScreen.storyboard; sourceTree = "<group>"; };
		75A93B5424B61B530085271A /* Info.plist */ = {isa = PBXFileReference; lastKnownFileType = text.plist.xml; path = Info.plist; sourceTree = "<group>"; };
		75A93B5D24B61E700085271A /* CalendarTableViewCell.swift */ = {isa = PBXFileReference; lastKnownFileType = sourcecode.swift; path = CalendarTableViewCell.swift; sourceTree = "<group>"; };
		75A93B5E24B61E700085271A /* CalendarTableViewCell.xib */ = {isa = PBXFileReference; lastKnownFileType = file.xib; path = CalendarTableViewCell.xib; sourceTree = "<group>"; };
		75A93B6124B61E8A0085271A /* CalendarSource.swift */ = {isa = PBXFileReference; fileEncoding = 4; lastKnownFileType = sourcecode.swift; path = CalendarSource.swift; sourceTree = "<group>"; };
		75A93B6324B628D90085271A /* CalendarCell.xib */ = {isa = PBXFileReference; lastKnownFileType = file.xib; path = CalendarCell.xib; sourceTree = "<group>"; };
		75A93B6524B6296B0085271A /* CalendarCell.swift */ = {isa = PBXFileReference; lastKnownFileType = sourcecode.swift; path = CalendarCell.swift; sourceTree = "<group>"; };
/* End PBXFileReference section */

/* Begin PBXFrameworksBuildPhase section */
		75A93B4024B61B510085271A /* Frameworks */ = {
			isa = PBXFrameworksBuildPhase;
			buildActionMask = 2147483647;
			files = (
			);
			runOnlyForDeploymentPostprocessing = 0;
		};
/* End PBXFrameworksBuildPhase section */

/* Begin PBXGroup section */
		75A93B3A24B61B510085271A = {
			isa = PBXGroup;
			children = (
				75A93B4524B61B510085271A /* testCalendar */,
				75A93B4424B61B510085271A /* Products */,
			);
			sourceTree = "<group>";
		};
		75A93B4424B61B510085271A /* Products */ = {
			isa = PBXGroup;
			children = (
				75A93B4324B61B510085271A /* testCalendar.app */,
			);
			name = Products;
			sourceTree = "<group>";
		};
		75A93B4524B61B510085271A /* testCalendar */ = {
			isa = PBXGroup;
			children = (
				75A93B5C24B61E550085271A /* Calendar */,
				75A93B4624B61B510085271A /* AppDelegate.swift */,
				75A93B4A24B61B510085271A /* ViewController.swift */,
				75A93B4C24B61B510085271A /* Main.storyboard */,
				75A93B4F24B61B530085271A /* Assets.xcassets */,
				75A93B5124B61B530085271A /* LaunchScreen.storyboard */,
				75A93B5424B61B530085271A /* Info.plist */,
			);
			path = testCalendar;
			sourceTree = "<group>";
		};
		75A93B5C24B61E550085271A /* Calendar */ = {
			isa = PBXGroup;
			children = (
				75A93B6124B61E8A0085271A /* CalendarSource.swift */,
				75A93B5D24B61E700085271A /* CalendarTableViewCell.swift */,
				75A93B5E24B61E700085271A /* CalendarTableViewCell.xib */,
				75A93B6524B6296B0085271A /* CalendarCell.swift */,
				75A93B6324B628D90085271A /* CalendarCell.xib */,
			);
			path = Calendar;
			sourceTree = "<group>";
		};
/* End PBXGroup section */

/* Begin PBXNativeTarget section */
		75A93B4224B61B510085271A /* testCalendar */ = {
			isa = PBXNativeTarget;
			buildConfigurationList = 75A93B5724B61B530085271A /* Build configuration list for PBXNativeTarget "testCalendar" */;
			buildPhases = (
				75A93B3F24B61B510085271A /* Sources */,
				75A93B4024B61B510085271A /* Frameworks */,
				75A93B4124B61B510085271A /* Resources */,
			);
			buildRules = (
			);
			dependencies = (
			);
			name = testCalendar;
			productName = testCalendar;
			productReference = 75A93B4324B61B510085271A /* testCalendar.app */;
			productType = "com.apple.product-type.application";
		};
/* End PBXNativeTarget section */

/* Begin PBXProject section */
		75A93B3B24B61B510085271A /* Project object */ = {
			isa = PBXProject;
			attributes = {
				LastSwiftUpdateCheck = 1150;
				LastUpgradeCheck = 1150;
				ORGANIZATIONNAME = "Sudipta Biswas";
				TargetAttributes = {
					75A93B4224B61B510085271A = {
						CreatedOnToolsVersion = 11.5;
					};
				};
			};
			buildConfigurationList = 75A93B3E24B61B510085271A /* Build configuration list for PBXProject "testCalendar" */;
			compatibilityVersion = "Xcode 9.3";
			developmentRegion = en;
			hasScannedForEncodings = 0;
			knownRegions = (
				en,
				Base,
			);
			mainGroup = 75A93B3A24B61B510085271A;
			productRefGroup = 75A93B4424B61B510085271A /* Products */;
			projectDirPath = "";
			projectRoot = "";
			targets = (
				75A93B4224B61B510085271A /* testCalendar */,
			);
		};
/* End PBXProject section */

/* Begin PBXResourcesBuildPhase section */
		75A93B4124B61B510085271A /* Resources */ = {
			isa = PBXResourcesBuildPhase;
			buildActionMask = 2147483647;
			files = (
				75A93B5324B61B530085271A /* LaunchScreen.storyboard in Resources */,
				75A93B5024B61B530085271A /* Assets.xcassets in Resources */,
				75A93B4E24B61B510085271A /* Main.storyboard in Resources */,
				75A93B6024B61E700085271A /* CalendarTableViewCell.xib in Resources */,
				75A93B6424B628D90085271A /* CalendarCell.xib in Resources */,
			);
			runOnlyForDeploymentPostprocessing = 0;
		};
/* End PBXResourcesBuildPhase section */

/* Begin PBXSourcesBuildPhase section */
		75A93B3F24B61B510085271A /* Sources */ = {
			isa = PBXSourcesBuildPhase;
			buildActionMask = 2147483647;
			files = (
				75A93B4B24B61B510085271A /* ViewController.swift in Sources */,
				75A93B4724B61B510085271A /* AppDelegate.swift in Sources */,
				75A93B6224B61E8A0085271A /* CalendarSource.swift in Sources */,
				75A93B5F24B61E700085271A /* CalendarTableViewCell.swift in Sources */,
				75A93B6624B6296B0085271A /* CalendarCell.swift in Sources */,
			);
			runOnlyForDeploymentPostprocessing = 0;
		};
/* End PBXSourcesBuildPhase section */

/* Begin PBXVariantGroup section */
		75A93B4C24B61B510085271A /* Main.storyboard */ = {
			isa = PBXVariantGroup;
			children = (
				75A93B4D24B61B510085271A /* Base */,
			);
			name = Main.storyboard;
			sourceTree = "<group>";
		};
		75A93B5124B61B530085271A /* LaunchScreen.storyboard */ = {
			isa = PBXVariantGroup;
			children = (
				75A93B5224B61B530085271A /* Base */,
			);
			name = LaunchScreen.storyboard;
			sourceTree = "<group>";
		};
/* End PBXVariantGroup section */

/* Begin XCBuildConfiguration section */
		75A93B5524B61B530085271A /* Debug */ = {
			isa = XCBuildConfiguration;
			buildSettings = {
				ALWAYS_SEARCH_USER_PATHS = NO;
				CLANG_ANALYZER_NONNULL = YES;
				CLANG_ANALYZER_NUMBER_OBJECT_CONVERSION = YES_AGGRESSIVE;
				CLANG_CXX_LANGUAGE_STANDARD = "gnu++14";
				CLANG_CXX_LIBRARY = "libc++";
				CLANG_ENABLE_MODULES = YES;
				CLANG_ENABLE_OBJC_ARC = YES;
				CLANG_ENABLE_OBJC_WEAK = YES;
				CLANG_WARN_BLOCK_CAPTURE_AUTORELEASING = YES;
				CLANG_WARN_BOOL_CONVERSION = YES;
				CLANG_WARN_COMMA = YES;
				CLANG_WARN_CONSTANT_CONVERSION = YES;
				CLANG_WARN_DEPRECATED_OBJC_IMPLEMENTATIONS = YES;
				CLANG_WARN_DIRECT_OBJC_ISA_USAGE = YES_ERROR;
				CLANG_WARN_DOCUMENTATION_COMMENTS = YES;
				CLANG_WARN_EMPTY_BODY = YES;
				CLANG_WARN_ENUM_CONVERSION = YES;
				CLANG_WARN_INFINITE_RECURSION = YES;
				CLANG_WARN_INT_CONVERSION = YES;
				CLANG_WARN_NON_LITERAL_NULL_CONVERSION = YES;
				CLANG_WARN_OBJC_IMPLICIT_RETAIN_SELF = YES;
				CLANG_WARN_OBJC_LITERAL_CONVERSION = YES;
				CLANG_WARN_OBJC_ROOT_CLASS = YES_ERROR;
				CLANG_WARN_RANGE_LOOP_ANALYSIS = YES;
				CLANG_WARN_STRICT_PROTOTYPES = YES;
				CLANG_WARN_SUSPICIOUS_MOVE = YES;
				CLANG_WARN_UNGUARDED_AVAILABILITY = YES_AGGRESSIVE;
				CLANG_WARN_UNREACHABLE_CODE = YES;
				CLANG_WARN__DUPLICATE_METHOD_MATCH = YES;
				COPY_PHASE_STRIP = NO;
				DEBUG_INFORMATION_FORMAT = dwarf;
				ENABLE_STRICT_OBJC_MSGSEND = YES;
				ENABLE_TESTABILITY = YES;
				GCC_C_LANGUAGE_STANDARD = gnu11;
				GCC_DYNAMIC_NO_PIC = NO;
				GCC_NO_COMMON_BLOCKS = YES;
				GCC_OPTIMIZATION_LEVEL = 0;
				GCC_PREPROCESSOR_DEFINITIONS = (
					"DEBUG=1",
					"$(inherited)",
				);
				GCC_WARN_64_TO_32_BIT_CONVERSION = YES;
				GCC_WARN_ABOUT_RETURN_TYPE = YES_ERROR;
				GCC_WARN_UNDECLARED_SELECTOR = YES;
				GCC_WARN_UNINITIALIZED_AUTOS = YES_AGGRESSIVE;
				GCC_WARN_UNUSED_FUNCTION = YES;
				GCC_WARN_UNUSED_VARIABLE = YES;
				IPHONEOS_DEPLOYMENT_TARGET = 13.5;
				MTL_ENABLE_DEBUG_INFO = INCLUDE_SOURCE;
				MTL_FAST_MATH = YES;
				ONLY_ACTIVE_ARCH = YES;
				SDKROOT = iphoneos;
				SWIFT_ACTIVE_COMPILATION_CONDITIONS = DEBUG;
				SWIFT_OPTIMIZATION_LEVEL = "-Onone";
			};
			name = Debug;
		};
		75A93B5624B61B530085271A /* Release */ = {
			isa = XCBuildConfiguration;
			buildSettings = {
				ALWAYS_SEARCH_USER_PATHS = NO;
				CLANG_ANALYZER_NONNULL = YES;
				CLANG_ANALYZER_NUMBER_OBJECT_CONVERSION = YES_AGGRESSIVE;
				CLANG_CXX_LANGUAGE_STANDARD = "gnu++14";
				CLANG_CXX_LIBRARY = "libc++";
				CLANG_ENABLE_MODULES = YES;
				CLANG_ENABLE_OBJC_ARC = YES;
				CLANG_ENABLE_OBJC_WEAK = YES;
				CLANG_WARN_BLOCK_CAPTURE_AUTORELEASING = YES;
				CLANG_WARN_BOOL_CONVERSION = YES;
				CLANG_WARN_COMMA = YES;
				CLANG_WARN_CONSTANT_CONVERSION = YES;
				CLANG_WARN_DEPRECATED_OBJC_IMPLEMENTATIONS = YES;
				CLANG_WARN_DIRECT_OBJC_ISA_USAGE = YES_ERROR;
				CLANG_WARN_DOCUMENTATION_COMMENTS = YES;
				CLANG_WARN_EMPTY_BODY = YES;
				CLANG_WARN_ENUM_CONVERSION = YES;
				CLANG_WARN_INFINITE_RECURSION = YES;
				CLANG_WARN_INT_CONVERSION = YES;
				CLANG_WARN_NON_LITERAL_NULL_CONVERSION = YES;
				CLANG_WARN_OBJC_IMPLICIT_RETAIN_SELF = YES;
				CLANG_WARN_OBJC_LITERAL_CONVERSION = YES;
				CLANG_WARN_OBJC_ROOT_CLASS = YES_ERROR;
				CLANG_WARN_RANGE_LOOP_ANALYSIS = YES;
				CLANG_WARN_STRICT_PROTOTYPES = YES;
				CLANG_WARN_SUSPICIOUS_MOVE = YES;
				CLANG_WARN_UNGUARDED_AVAILABILITY = YES_AGGRESSIVE;
				CLANG_WARN_UNREACHABLE_CODE = YES;
				CLANG_WARN__DUPLICATE_METHOD_MATCH = YES;
				COPY_PHASE_STRIP = NO;
				DEBUG_INFORMATION_FORMAT = "dwarf-with-dsym";
				ENABLE_NS_ASSERTIONS = NO;
				ENABLE_STRICT_OBJC_MSGSEND = YES;
				GCC_C_LANGUAGE_STANDARD = gnu11;
				GCC_NO_COMMON_BLOCKS = YES;
				GCC_WARN_64_TO_32_BIT_CONVERSION = YES;
				GCC_WARN_ABOUT_RETURN_TYPE = YES_ERROR;
				GCC_WARN_UNDECLARED_SELECTOR = YES;
				GCC_WARN_UNINITIALIZED_AUTOS = YES_AGGRESSIVE;
				GCC_WARN_UNUSED_FUNCTION = YES;
				GCC_WARN_UNUSED_VARIABLE = YES;
				IPHONEOS_DEPLOYMENT_TARGET = 13.5;
				MTL_ENABLE_DEBUG_INFO = NO;
				MTL_FAST_MATH = YES;
				SDKROOT = iphoneos;
				SWIFT_COMPILATION_MODE = wholemodule;
				SWIFT_OPTIMIZATION_LEVEL = "-O";
				VALIDATE_PRODUCT = YES;
			};
			name = Release;
		};
		75A93B5824B61B530085271A /* Debug */ = {
			isa = XCBuildConfiguration;
			buildSettings = {
				ASSETCATALOG_COMPILER_APPICON_NAME = AppIcon;
				CODE_SIGN_STYLE = Automatic;
				DEVELOPMENT_TEAM = KPLXV6AVFH;
				INFOPLIST_FILE = testCalendar/Info.plist;
				IPHONEOS_DEPLOYMENT_TARGET = 11.0;
				LD_RUNPATH_SEARCH_PATHS = (
					"$(inherited)",
					"@executable_path/Frameworks",
				);
				PRODUCT_BUNDLE_IDENTIFIER = com.mobileapp.testCalendar;
				PRODUCT_NAME = "$(TARGET_NAME)";
				SWIFT_VERSION = 5.0;
				TARGETED_DEVICE_FAMILY = "1,2";
			};
			name = Debug;
		};
		75A93B5924B61B530085271A /* Release */ = {
			isa = XCBuildConfiguration;
			buildSettings = {
				ASSETCATALOG_COMPILER_APPICON_NAME = AppIcon;
				CODE_SIGN_STYLE = Automatic;
				DEVELOPMENT_TEAM = KPLXV6AVFH;
				INFOPLIST_FILE = testCalendar/Info.plist;
				IPHONEOS_DEPLOYMENT_TARGET = 11.0;
				LD_RUNPATH_SEARCH_PATHS = (
					"$(inherited)",
					"@executable_path/Frameworks",
				);
				PRODUCT_BUNDLE_IDENTIFIER = com.mobileapp.testCalendar;
				PRODUCT_NAME = "$(TARGET_NAME)";
				SWIFT_VERSION = 5.0;
				TARGETED_DEVICE_FAMILY = "1,2";
			};
			name = Release;
		};
/* End XCBuildConfiguration section */

/* Begin XCConfigurationList section */
		75A93B3E24B61B510085271A /* Build configuration list for PBXProject "testCalendar" */ = {
			isa = XCConfigurationList;
			buildConfigurations = (
				75A93B5524B61B530085271A /* Debug */,
				75A93B5624B61B530085271A /* Release */,
			);
			defaultConfigurationIsVisible = 0;
			defaultConfigurationName = Release;
		};
		75A93B5724B61B530085271A /* Build configuration list for PBXNativeTarget "testCalendar" */ = {
			isa = XCConfigurationList;
			buildConfigurations = (
				75A93B5824B61B530085271A /* Debug */,
				75A93B5924B61B530085271A /* Release */,
			);
			defaultConfigurationIsVisible = 0;
			defaultConfigurationName = Release;
		};
/* End XCConfigurationList section */
	};
	rootObject = 75A93B3B24B61B510085271A /* Project object */;
}
